
Microsoft Visual Studio Solution File, Format Version 12.00
# Visual Studio Version 16
VisualStudioVersion = 16.0.29521.150
MinimumVisualStudioVersion = 10.0.40219.1
Project("{FAE04EC0-301F-11D3-BF4B-00C04F79EFBC}") = "blazor-minimal", "blazor-minimal\blazor-minimal.csproj", "{B18D5906-92A2-4B14-8FCF-00EF55564CCE}"
EndProject
Global
	GlobalSection(SolutionConfigurationPlatforms) = preSolution
		Debug|Any CPU = Debug|Any CPU
		Release|Any CPU = Release|Any CPU
	EndGlobalSection
	GlobalSection(ProjectConfigurationPlatforms) = postSolution
		{B18D5906-92A2-4B14-8FCF-00EF55564CCE}.Debug|Any CPU.ActiveCfg = Debug|Any CPU
		{B18D5906-92A2-4B14-8FCF-00EF55564CCE}.Debug|Any CPU.Build.0 = Debug|Any CPU
		{B18D5906-92A2-4B14-8FCF-00EF55564CCE}.Release|Any CPU.ActiveCfg = Release|Any CPU
		{B18D5906-92A2-4B14-8FCF-00EF55564CCE}.Release|Any CPU.Build.0 = Release|Any CPU
	EndGlobalSection
	GlobalSection(SolutionProperties) = preSolution
		HideSolutionNode = FALSE
	EndGlobalSection
	GlobalSection(ExtensibilityGlobals) = postSolution
		SolutionGuid = {2CCF8ED6-F736-4F95-BA04-A74E2BEA5941}
	EndGlobalSection
EndGlobal
